
Microsoft Visual Studio Solution File, Format Version 12.00
# Visual Studio Version 16
VisualStudioVersion = 16.0.30907.101
MinimumVisualStudioVersion = 10.0.40219.1
Project("{9A19103F-16F7-4668-BE54-9A1E7A4F7556}") = "Racing", "Racing\Racing.csproj", "{6F5D0BBF-9794-47A1-9140-E7A14E77F16F}"
EndProject
Project("{FAE04EC0-301F-11D3-BF4B-00C04F79EFBC}") = "Racing.DataAccess", "Racing.DataAccess\Racing.DataAccess.csproj", "{8ABBEAC4-7B0E-4715-990C-AFC4935BF59C}"
EndProject
Global
	GlobalSection(SolutionConfigurationPlatforms) = preSolution
		Debug|Any CPU = Debug|Any CPU
		Release|Any CPU = Release|Any CPU
	EndGlobalSection
	GlobalSection(ProjectConfigurationPlatforms) = postSolution
		{6F5D0BBF-9794-47A1-9140-E7A14E77F16F}.Debug|Any CPU.ActiveCfg = Debug|Any CPU
		{6F5D0BBF-9794-47A1-9140-E7A14E77F16F}.Debug|Any CPU.Build.0 = Debug|Any CPU
		{6F5D0BBF-9794-47A1-9140-E7A14E77F16F}.Release|Any CPU.ActiveCfg = Release|Any CPU
		{6F5D0BBF-9794-47A1-9140-E7A14E77F16F}.Release|Any CPU.Build.0 = Release|Any CPU
		{8ABBEAC4-7B0E-4715-990C-AFC4935BF59C}.Debug|Any CPU.ActiveCfg = Debug|Any CPU
		{8ABBEAC4-7B0E-4715-990C-AFC4935BF59C}.Debug|Any CPU.Build.0 = Debug|Any CPU
		{8ABBEAC4-7B0E-4715-990C-AFC4935BF59C}.Release|Any CPU.ActiveCfg = Release|Any CPU
		{8ABBEAC4-7B0E-4715-990C-AFC4935BF59C}.Release|Any CPU.Build.0 = Release|Any CPU
	EndGlobalSection
	GlobalSection(SolutionProperties) = preSolution
		HideSolutionNode = FALSE
	EndGlobalSection
	GlobalSection(ExtensibilityGlobals) = postSolution
		SolutionGuid = {5DFDAED5-AFFE-4AD9-B0F6-596B92835A48}
	EndGlobalSection
EndGlobal
